<?xml version="1.0" encoding="utf-8"?>
<Project ToolsVersion="4.0" xmlns="http://schemas.microsoft.com/developer/msbuild/2003">
  <ItemGroup>
    <Filter Include="Source Files">
      <UniqueIdentifier>{4FC737F1-C7A5-4376-A066-2A32D752A2FF}</UniqueIdentifier>
      <Extensions>cpp;c;cc;cxx;c++;cppm;ixx;def;odl;idl;hpj;bat;asm;asmx</Extensions>
    </Filter>
    <Filter Include="Header Files">
      <UniqueIdentifier>{93995380-89BD-4b04-88EB-625FBE52EBFB}</UniqueIdentifier>
      <Extensions>h;hh;hpp;hxx;h++;hm;inl;inc;ipp;xsd</Extensions>
    </Filter>
    <Filter Include="Resource Files">
      <UniqueIdentifier>{67DA6AB6-F800-4c08-8B7A-83BB121AAD01}</UniqueIdentifier>
      <Extensions>rc;ico;cur;bmp;dlg;rc2;rct;bin;rgs;gif;jpg;jpeg;jpe;resx;tiff;tif;png;wav;mfcribbon-ms</Extensions>
    </Filter>
    <Filter Include="Resource Files\Shaders">
      <UniqueIdentifier>{2a366213-714a-4b6a-8eca-f4b3a7ec8415}</UniqueIdentifier>
    </Filter>
    <Filter Include="Resource Files\Data">
      <UniqueIdentifier>{59bc0579-fa9d-4b25-9c4b-8b777713689b}</UniqueIdentifier>
    </Filter>
    <Filter Include="Source Files\Core">
      <UniqueIdentifier>{bae314c7-b574-44c8-ad4e-7edf612e4eb0}</UniqueIdentifier>
    </Filter>
    <Filter Include="Source Files\Graphics">
      <UniqueIdentifier>{06962531-e89c-4767-8a7a-56cda2ae9f26}</UniqueIdentifier>
    </Filter>
    <Filter Include="Source Files\Utils">
      <UniqueIdentifier>{4c81772c-c081-489f-b857-8215c67284cf}</UniqueIdentifier>
    </Filter>
    <Filter Include="Source Files\Graphics\Buffers">
      <UniqueIdentifier>{9e8b3faf-df26-4c8e-bc25-6b3b6658ee05}</UniqueIdentifier>
    </Filter>
    <Filter Include="Header Files\Graphics">
      <UniqueIdentifier>{543951b2-a87d-4fb9-ad4f-af0ade5b79ba}</UniqueIdentifier>
    </Filter>
    <Filter Include="Header Files\Core">
      <UniqueIdentifier>{9ada31a9-6d28-49fb-a98b-7d58ac4e436b}</UniqueIdentifier>
    </Filter>
    <Filter Include="Header Files\Utils">
      <UniqueIdentifier>{566ce4dc-5016-4e7e-b461-b1e8b622d0a7}</UniqueIdentifier>
    </Filter>
    <Filter Include="Header Files\Graphics\Buffers">
      <UniqueIdentifier>{d7c40b44-0ac5-4726-80f3-fcb96179065e}</UniqueIdentifier>
    </Filter>
    <Filter Include="Resource Files\Shaders\basic">
      <UniqueIdentifier>{9add24e1-4ecb-4ebb-8bd2-c94f718dbf4e}</UniqueIdentifier>
    </Filter>
    <Filter Include="Source Files\Utils\Data">
      <UniqueIdentifier>{7c478e3d-aa6b-4b7f-b816-5ab0533aa389}</UniqueIdentifier>
    </Filter>
  </ItemGroup>
  <ItemGroup>
    <ClCompile Include="Source\Graphics\Buffers\VAO.cpp">
      <Filter>Source Files\Graphics\Buffers</Filter>
    </ClCompile>
    <ClCompile Include="Source\Graphics\Buffers\VBO.cpp">
      <Filter>Source Files\Graphics\Buffers</Filter>
    </ClCompile>
    <ClCompile Include="Source\Utils\shader.cpp">
      <Filter>Source Files\Utils</Filter>
    </ClCompile>
    <ClCompile Include="Source\Scene\point_cloud.cpp">
      <Filter>Source Files\Graphics</Filter>
    </ClCompile>
    <ClCompile Include="Source\Graphics\camera.cpp">
      <Filter>Source Files\Graphics</Filter>
    </ClCompile>
    <ClCompile Include="Source\Core\main.cpp">
      <Filter>Source Files\Core</Filter>
    </ClCompile>
    <ClCompile Include="Source\Graphics\Buffers\EBO.cpp">
      <Filter>Source Files\Graphics\Buffers</Filter>
    </ClCompile>
    <ClCompile Include="Source\Graphics\renderer.cpp">
      <Filter>Source Files\Graphics</Filter>
    </ClCompile>
    <ClCompile Include="Source\Utils\Data\data_map.cpp">
      <Filter>Source Files\Utils\Data</Filter>
    </ClCompile>
    <ClCompile Include="Source\Utils\Data\dbreader.cpp">
      <Filter>Source Files\Utils\Data</Filter>
    </ClCompile>
  </ItemGroup>
  <ItemGroup>
    <ClInclude Include="Source\Graphics\Buffers\VBO.h">
      <Filter>Header Files\Graphics\Buffers</Filter>
    </ClInclude>
    <ClInclude Include="Source\Graphics\Buffers\VAO.h">
      <Filter>Header Files\Graphics\Buffers</Filter>
    </ClInclude>
    <ClInclude Include="Source\Graphics\camera.h">
      <Filter>Header Files\Graphics</Filter>
    </ClInclude>
    <ClInclude Include="Source\Scene\point_cloud.h">
      <Filter>Header Files\Graphics</Filter>
    </ClInclude>
    <ClInclude Include="Source\Utils\shader.h">
      <Filter>Header Files\Utils</Filter>
    </ClInclude>
    <ClInclude Include="Source\Graphics\Buffers\EBO.h">
      <Filter>Header Files\Graphics\Buffers</Filter>
    </ClInclude>
    <ClInclude Include="Source\Graphics\renderer.h">
      <Filter>Header Files\Graphics</Filter>
    </ClInclude>
    <ClInclude Include="Source\Utils\Data\data_map.h">
      <Filter>Source Files\Utils\Data</Filter>
    </ClInclude>
    <ClInclude Include="Source\Utils\Data\dbreader.h">
      <Filter>Source Files\Utils\Data</Filter>
    </ClInclude>
  </ItemGroup>
  <ItemGroup>
    <None Include="Shader\basic\vertex_shader.glsl">
      <Filter>Resource Files\Shaders\basic</Filter>
    </None>
    <None Include="Shader\basic\fragment_shader.glsl">
      <Filter>Resource Files\Shaders\basic</Filter>
    </None>
    <None Include="Source\Utils\Data\DataExtract.sql">
      <Filter>Source Files\Utils\Data</Filter>
    </None>
    <None Include="Assets\Data\channel_data_subset.csv">
      <Filter>Resource Files\Data</Filter>
    </None>
  </ItemGroup>
</Project>